
Microsoft Visual Studio Solution File, Format Version 12.00
# Visual Studio 15
VisualStudioVersion = 15.0.27428.2027
MinimumVisualStudioVersion = 10.0.40219.1
Project("{2150E333-8FDC-42A3-9474-1A3956D46DE8}") = "Engine", "Engine", "{1F70043F-8B76-437A-8596-82899BCCFD27}"
EndProject
Project("{2150E333-8FDC-42A3-9474-1A3956D46DE8}") = "Games", "Games", "{1029DE7E-89E7-4B8B-8D8C-EF3F31D2A7D7}"
EndProject
Project("{8BC9CEB8-8B4A-11D0-8D11-00A0C91BC942}") = "UE4", "Intermediate\ProjectFiles\UE4.vcxproj", "{67239D9C-E022-441D-AA2B-1168D192C1B7}"
EndProject
Project("{8BC9CEB8-8B4A-11D0-8D11-00A0C91BC942}") = "BuildingEscape", "Intermediate\ProjectFiles\BuildingEscape.vcxproj", "{4CDE1DF5-5672-4C68-92B2-988964A118DD}"
EndProject
Global
	GlobalSection(SolutionConfigurationPlatforms) = preSolution
		DebugGame Editor|HTML5 = DebugGame Editor|HTML5
		DebugGame Editor|Win32 = DebugGame Editor|Win32
		DebugGame Editor|Win64 = DebugGame Editor|Win64
		DebugGame|HTML5 = DebugGame|HTML5
		DebugGame|Win32 = DebugGame|Win32
		DebugGame|Win64 = DebugGame|Win64
		Development Editor|HTML5 = Development Editor|HTML5
		Development Editor|Win32 = Development Editor|Win32
		Development Editor|Win64 = Development Editor|Win64
		Development|HTML5 = Development|HTML5
		Development|Win32 = Development|Win32
		Development|Win64 = Development|Win64
		Shipping|HTML5 = Shipping|HTML5
		Shipping|Win32 = Shipping|Win32
		Shipping|Win64 = Shipping|Win64
	EndGlobalSection
	GlobalSection(ProjectConfigurationPlatforms) = postSolution
		{67239D9C-E022-441D-AA2B-1168D192C1B7}.DebugGame Editor|HTML5.ActiveCfg = BuiltWithUnrealBuildTool|Win32
		{67239D9C-E022-441D-AA2B-1168D192C1B7}.DebugGame Editor|HTML5.Build.0 = BuiltWithUnrealBuildTool|Win32
		{67239D9C-E022-441D-AA2B-1168D192C1B7}.DebugGame Editor|Win32.ActiveCfg = BuiltWithUnrealBuildTool|Win32
		{67239D9C-E022-441D-AA2B-1168D192C1B7}.DebugGame Editor|Win32.Build.0 = BuiltWithUnrealBuildTool|Win32
		{67239D9C-E022-441D-AA2B-1168D192C1B7}.DebugGame Editor|Win64.ActiveCfg = BuiltWithUnrealBuildTool|Win32
		{67239D9C-E022-441D-AA2B-1168D192C1B7}.DebugGame Editor|Win64.Build.0 = BuiltWithUnrealBuildTool|Win32
		{67239D9C-E022-441D-AA2B-1168D192C1B7}.DebugGame|HTML5.ActiveCfg = BuiltWithUnrealBuildTool|Win32
		{67239D9C-E022-441D-AA2B-1168D192C1B7}.DebugGame|HTML5.Build.0 = BuiltWithUnrealBuildTool|Win32
		{67239D9C-E022-441D-AA2B-1168D192C1B7}.DebugGame|Win32.ActiveCfg = BuiltWithUnrealBuildTool|Win32
		{67239D9C-E022-441D-AA2B-1168D192C1B7}.DebugGame|Win32.Build.0 = BuiltWithUnrealBuildTool|Win32
		{67239D9C-E022-441D-AA2B-1168D192C1B7}.DebugGame|Win64.ActiveCfg = BuiltWithUnrealBuildTool|Win32
		{67239D9C-E022-441D-AA2B-1168D192C1B7}.DebugGame|Win64.Build.0 = BuiltWithUnrealBuildTool|Win32
		{67239D9C-E022-441D-AA2B-1168D192C1B7}.Development Editor|HTML5.ActiveCfg = BuiltWithUnrealBuildTool|Win32
		{67239D9C-E022-441D-AA2B-1168D192C1B7}.Development Editor|HTML5.Build.0 = BuiltWithUnrealBuildTool|Win32
		{67239D9C-E022-441D-AA2B-1168D192C1B7}.Development Editor|Win32.ActiveCfg = BuiltWithUnrealBuildTool|Win32
		{67239D9C-E022-441D-AA2B-1168D192C1B7}.Development Editor|Win32.Build.0 = BuiltWithUnrealBuildTool|Win32
		{67239D9C-E022-441D-AA2B-1168D192C1B7}.Development Editor|Win64.ActiveCfg = BuiltWithUnrealBuildTool|Win32
		{67239D9C-E022-441D-AA2B-1168D192C1B7}.Development Editor|Win64.Build.0 = BuiltWithUnrealBuildTool|Win32
		{67239D9C-E022-441D-AA2B-1168D192C1B7}.Development|HTML5.ActiveCfg = BuiltWithUnrealBuildTool|Win32
		{67239D9C-E022-441D-AA2B-1168D192C1B7}.Development|HTML5.Build.0 = BuiltWithUnrealBuildTool|Win32
		{67239D9C-E022-441D-AA2B-1168D192C1B7}.Development|Win32.ActiveCfg = BuiltWithUnrealBuildTool|Win32
		{67239D9C-E022-441D-AA2B-1168D192C1B7}.Development|Win32.Build.0 = BuiltWithUnrealBuildTool|Win32
		{67239D9C-E022-441D-AA2B-1168D192C1B7}.Development|Win64.ActiveCfg = BuiltWithUnrealBuildTool|Win32
		{67239D9C-E022-441D-AA2B-1168D192C1B7}.Development|Win64.Build.0 = BuiltWithUnrealBuildTool|Win32
		{67239D9C-E022-441D-AA2B-1168D192C1B7}.Shipping|HTML5.ActiveCfg = BuiltWithUnrealBuildTool|Win32
		{67239D9C-E022-441D-AA2B-1168D192C1B7}.Shipping|HTML5.Build.0 = BuiltWithUnrealBuildTool|Win32
		{67239D9C-E022-441D-AA2B-1168D192C1B7}.Shipping|Win32.ActiveCfg = BuiltWithUnrealBuildTool|Win32
		{67239D9C-E022-441D-AA2B-1168D192C1B7}.Shipping|Win32.Build.0 = BuiltWithUnrealBuildTool|Win32
		{67239D9C-E022-441D-AA2B-1168D192C1B7}.Shipping|Win64.ActiveCfg = BuiltWithUnrealBuildTool|Win32
		{67239D9C-E022-441D-AA2B-1168D192C1B7}.Shipping|Win64.Build.0 = BuiltWithUnrealBuildTool|Win32
		{4CDE1DF5-5672-4C68-92B2-988964A118DD}.DebugGame Editor|HTML5.ActiveCfg = HTML5_DebugGame_Editor|Win32
		{4CDE1DF5-5672-4C68-92B2-988964A118DD}.DebugGame Editor|Win32.ActiveCfg = DebugGame_Editor|Win32
		{4CDE1DF5-5672-4C68-92B2-988964A118DD}.DebugGame Editor|Win64.ActiveCfg = DebugGame_Editor|x64
		{4CDE1DF5-5672-4C68-92B2-988964A118DD}.DebugGame Editor|Win64.Build.0 = DebugGame_Editor|x64
		{4CDE1DF5-5672-4C68-92B2-988964A118DD}.DebugGame|HTML5.ActiveCfg = HTML5_DebugGame_Game|Win32
		{4CDE1DF5-5672-4C68-92B2-988964A118DD}.DebugGame|HTML5.Build.0 = HTML5_DebugGame_Game|Win32
		{4CDE1DF5-5672-4C68-92B2-988964A118DD}.DebugGame|Win32.ActiveCfg = DebugGame_Game|Win32
		{4CDE1DF5-5672-4C68-92B2-988964A118DD}.DebugGame|Win32.Build.0 = DebugGame_Game|Win32
		{4CDE1DF5-5672-4C68-92B2-988964A118DD}.DebugGame|Win64.ActiveCfg = DebugGame_Game|x64
		{4CDE1DF5-5672-4C68-92B2-988964A118DD}.DebugGame|Win64.Build.0 = DebugGame_Game|x64
		{4CDE1DF5-5672-4C68-92B2-988964A118DD}.Development Editor|HTML5.ActiveCfg = HTML5_Development_Editor|Win32
		{4CDE1DF5-5672-4C68-92B2-988964A118DD}.Development Editor|Win32.ActiveCfg = Development_Editor|Win32
		{4CDE1DF5-5672-4C68-92B2-988964A118DD}.Development Editor|Win64.ActiveCfg = Development_Editor|x64
		{4CDE1DF5-5672-4C68-92B2-988964A118DD}.Development Editor|Win64.Build.0 = Development_Editor|x64
		{4CDE1DF5-5672-4C68-92B2-988964A118DD}.Development|HTML5.ActiveCfg = HTML5_Development_Game|Win32
		{4CDE1DF5-5672-4C68-92B2-988964A118DD}.Development|HTML5.Build.0 = HTML5_Development_Game|Win32
		{4CDE1DF5-5672-4C68-92B2-988964A118DD}.Development|Win32.ActiveCfg = Development_Game|Win32
		{4CDE1DF5-5672-4C68-92B2-988964A118DD}.Development|Win32.Build.0 = Development_Game|Win32
		{4CDE1DF5-5672-4C68-92B2-988964A118DD}.Development|Win64.ActiveCfg = Development_Game|x64
		{4CDE1DF5-5672-4C68-92B2-988964A118DD}.Development|Win64.Build.0 = Development_Game|x64
		{4CDE1DF5-5672-4C68-92B2-988964A118DD}.Shipping|HTML5.ActiveCfg = HTML5_Shipping_Game|Win32
		{4CDE1DF5-5672-4C68-92B2-988964A118DD}.Shipping|HTML5.Build.0 = HTML5_Shipping_Game|Win32
		{4CDE1DF5-5672-4C68-92B2-988964A118DD}.Shipping|Win32.ActiveCfg = Shipping_Game|Win32
		{4CDE1DF5-5672-4C68-92B2-988964A118DD}.Shipping|Win32.Build.0 = Shipping_Game|Win32
		{4CDE1DF5-5672-4C68-92B2-988964A118DD}.Shipping|Win64.ActiveCfg = Shipping_Game|x64
		{4CDE1DF5-5672-4C68-92B2-988964A118DD}.Shipping|Win64.Build.0 = Shipping_Game|x64
	EndGlobalSection
	GlobalSection(SolutionProperties) = preSolution
		HideSolutionNode = FALSE
	EndGlobalSection
	GlobalSection(NestedProjects) = preSolution
		{67239D9C-E022-441D-AA2B-1168D192C1B7} = {1F70043F-8B76-437A-8596-82899BCCFD27}
		{4CDE1DF5-5672-4C68-92B2-988964A118DD} = {1029DE7E-89E7-4B8B-8D8C-EF3F31D2A7D7}
	EndGlobalSection
	GlobalSection(ExtensibilityGlobals) = postSolution
		SolutionGuid = {7BBD8AE1-F1CD-4FBD-8F4C-676D82561270}
	EndGlobalSection
EndGlobal
